
Microsoft Visual Studio Solution File, Format Version 12.00
# Visual Studio 15
VisualStudioVersion = 15.0.27004.2005
MinimumVisualStudioVersion = 10.0.40219.1
Project("{FAE04EC0-301F-11D3-BF4B-00C04F79EFBC}") = "Labrax", "Labrax\Labrax.csproj", "{48DFE41D-9D25-43E9-A334-70E9468E994D}"
EndProject
Global
	GlobalSection(SolutionConfigurationPlatforms) = preSolution
		Debug|Any CPU = Debug|Any CPU
		Release|Any CPU = Release|Any CPU
	EndGlobalSection
	GlobalSection(ProjectConfigurationPlatforms) = postSolution
		{48DFE41D-9D25-43E9-A334-70E9468E994D}.Debug|Any CPU.ActiveCfg = Debug|Any CPU
		{48DFE41D-9D25-43E9-A334-70E9468E994D}.Debug|Any CPU.Build.0 = Debug|Any CPU
		{48DFE41D-9D25-43E9-A334-70E9468E994D}.Release|Any CPU.ActiveCfg = Release|Any CPU
		{48DFE41D-9D25-43E9-A334-70E9468E994D}.Release|Any CPU.Build.0 = Release|Any CPU
	EndGlobalSection
	GlobalSection(SolutionProperties) = preSolution
		HideSolutionNode = FALSE
	EndGlobalSection
	GlobalSection(ExtensibilityGlobals) = postSolution
		SolutionGuid = {C99447DF-2CF9-4911-B242-5B4781BE4746}
	EndGlobalSection
EndGlobal
